
Microsoft Visual Studio Solution File, Format Version 12.00
# Visual Studio Version 17
VisualStudioVersion = 17.7.34202.233
MinimumVisualStudioVersion = 10.0.40219.1
Project("{FAE04EC0-301F-11D3-BF4B-00C04F79EFBC}") = "Module16", "Module16\Module16.csproj", "{40317F72-9FDD-4B79-B714-A72C9B50B81E}"
EndProject
Global
	GlobalSection(SolutionConfigurationPlatforms) = preSolution
		Debug|Any CPU = Debug|Any CPU
		Release|Any CPU = Release|Any CPU
	EndGlobalSection
	GlobalSection(ProjectConfigurationPlatforms) = postSolution
		{40317F72-9FDD-4B79-B714-A72C9B50B81E}.Debug|Any CPU.ActiveCfg = Debug|Any CPU
		{40317F72-9FDD-4B79-B714-A72C9B50B81E}.Debug|Any CPU.Build.0 = Debug|Any CPU
		{40317F72-9FDD-4B79-B714-A72C9B50B81E}.Release|Any CPU.ActiveCfg = Release|Any CPU
		{40317F72-9FDD-4B79-B714-A72C9B50B81E}.Release|Any CPU.Build.0 = Release|Any CPU
	EndGlobalSection
	GlobalSection(SolutionProperties) = preSolution
		HideSolutionNode = FALSE
	EndGlobalSection
	GlobalSection(ExtensibilityGlobals) = postSolution
		SolutionGuid = {9CF25009-FAF4-458B-9D9D-2175E3473798}
	EndGlobalSection
EndGlobal
